
Microsoft Visual Studio Solution File, Format Version 12.00
# Visual Studio Version 17
VisualStudioVersion = 17.7.34024.191
MinimumVisualStudioVersion = 10.0.40219.1
Project("{54435603-DBB4-11D2-8724-00A0C9A8B90C}") = "SetupKrupina", "SetupKrupina.vdproj", "{00E95290-A24F-4D59-8006-FBD8AD16111B}"
EndProject
Global
	GlobalSection(SolutionConfigurationPlatforms) = preSolution
		Debug|Default = Debug|Default
		Release|Default = Release|Default
	EndGlobalSection
	GlobalSection(ProjectConfigurationPlatforms) = postSolution
		{00E95290-A24F-4D59-8006-FBD8AD16111B}.Debug|Default.ActiveCfg = Debug
		{00E95290-A24F-4D59-8006-FBD8AD16111B}.Debug|Default.Build.0 = Debug
		{00E95290-A24F-4D59-8006-FBD8AD16111B}.Release|Default.ActiveCfg = Release
		{00E95290-A24F-4D59-8006-FBD8AD16111B}.Release|Default.Build.0 = Release
	EndGlobalSection
	GlobalSection(SolutionProperties) = preSolution
		HideSolutionNode = FALSE
	EndGlobalSection
	GlobalSection(ExtensibilityGlobals) = postSolution
		SolutionGuid = {5F7C4C76-890C-40A0-889F-FF6C8809777F}
	EndGlobalSection
EndGlobal
